
Microsoft Visual Studio Solution File, Format Version 12.00
# Visual Studio Version 17
VisualStudioVersion = 17.5.33516.290
MinimumVisualStudioVersion = 10.0.40219.1
Project("{9A19103F-16F7-4668-BE54-9A1E7A4F7556}") = "CoreDemo", "CoreDemo\CoreDemo.csproj", "{16606733-4D88-41BE-927F-DE0EFB73F15B}"
EndProject
Project("{FAE04EC0-301F-11D3-BF4B-00C04F79EFBC}") = "Entity", "Entity\Entity.csproj", "{0ABFFC60-8DFE-4079-BD0C-503A2D206328}"
EndProject
Project("{FAE04EC0-301F-11D3-BF4B-00C04F79EFBC}") = "DataAccess", "DataAccess\DataAccess.csproj", "{587AE316-2B95-40D3-A9E7-AEB4839C4E2C}"
EndProject
Project("{FAE04EC0-301F-11D3-BF4B-00C04F79EFBC}") = "Business", "Business\Business.csproj", "{F9171546-01A8-49BF-95DB-CFA303E763E8}"
EndProject
Project("{FAE04EC0-301F-11D3-BF4B-00C04F79EFBC}") = "Core", "Core\Core.csproj", "{61C43F06-3385-410C-AF47-95DCD25C5F5E}"
EndProject
Global
	GlobalSection(SolutionConfigurationPlatforms) = preSolution
		Debug|Any CPU = Debug|Any CPU
		Release|Any CPU = Release|Any CPU
	EndGlobalSection
	GlobalSection(ProjectConfigurationPlatforms) = postSolution
		{16606733-4D88-41BE-927F-DE0EFB73F15B}.Debug|Any CPU.ActiveCfg = Debug|Any CPU
		{16606733-4D88-41BE-927F-DE0EFB73F15B}.Debug|Any CPU.Build.0 = Debug|Any CPU
		{16606733-4D88-41BE-927F-DE0EFB73F15B}.Release|Any CPU.ActiveCfg = Release|Any CPU
		{16606733-4D88-41BE-927F-DE0EFB73F15B}.Release|Any CPU.Build.0 = Release|Any CPU
		{0ABFFC60-8DFE-4079-BD0C-503A2D206328}.Debug|Any CPU.ActiveCfg = Debug|Any CPU
		{0ABFFC60-8DFE-4079-BD0C-503A2D206328}.Debug|Any CPU.Build.0 = Debug|Any CPU
		{0ABFFC60-8DFE-4079-BD0C-503A2D206328}.Release|Any CPU.ActiveCfg = Release|Any CPU
		{0ABFFC60-8DFE-4079-BD0C-503A2D206328}.Release|Any CPU.Build.0 = Release|Any CPU
		{587AE316-2B95-40D3-A9E7-AEB4839C4E2C}.Debug|Any CPU.ActiveCfg = Debug|Any CPU
		{587AE316-2B95-40D3-A9E7-AEB4839C4E2C}.Debug|Any CPU.Build.0 = Debug|Any CPU
		{587AE316-2B95-40D3-A9E7-AEB4839C4E2C}.Release|Any CPU.ActiveCfg = Release|Any CPU
		{587AE316-2B95-40D3-A9E7-AEB4839C4E2C}.Release|Any CPU.Build.0 = Release|Any CPU
		{F9171546-01A8-49BF-95DB-CFA303E763E8}.Debug|Any CPU.ActiveCfg = Debug|Any CPU
		{F9171546-01A8-49BF-95DB-CFA303E763E8}.Debug|Any CPU.Build.0 = Debug|Any CPU
		{F9171546-01A8-49BF-95DB-CFA303E763E8}.Release|Any CPU.ActiveCfg = Release|Any CPU
		{F9171546-01A8-49BF-95DB-CFA303E763E8}.Release|Any CPU.Build.0 = Release|Any CPU
		{61C43F06-3385-410C-AF47-95DCD25C5F5E}.Debug|Any CPU.ActiveCfg = Debug|Any CPU
		{61C43F06-3385-410C-AF47-95DCD25C5F5E}.Debug|Any CPU.Build.0 = Debug|Any CPU
		{61C43F06-3385-410C-AF47-95DCD25C5F5E}.Release|Any CPU.ActiveCfg = Release|Any CPU
		{61C43F06-3385-410C-AF47-95DCD25C5F5E}.Release|Any CPU.Build.0 = Release|Any CPU
	EndGlobalSection
	GlobalSection(SolutionProperties) = preSolution
		HideSolutionNode = FALSE
	EndGlobalSection
	GlobalSection(ExtensibilityGlobals) = postSolution
		SolutionGuid = {6F30D6C1-BC0A-45AC-8503-958539D907D9}
	EndGlobalSection
EndGlobal
